{
  "requires": true,
  "lockfileVersion": 1,
  "dependencies": {
    "vue-async-computed": {
      "version": "3.5.0",
      "resolved": "https://registry.npmjs.org/vue-async-computed/-/vue-async-computed-3.5.0.tgz",
      "integrity": "sha512-QddDtWshkGeORKiONQ7xnz8YoBwLU1ZejmPTdEnVLXVeGthmmdl2uKt9RRMB3NRyXKkUcT6WYKT/YDnNodzF1w=="
    }
  }
}
